// !$*UTF8*$!
{
	archiveVersion = 1;
	classes = {
	};
	objectVersion = 46;
	objects = {

/* Begin PBXBuildFile section */
		710CADE21E48A53C00DB0C52 /* libCobalt.a in Frameworks */ = {isa = PBXBuildFile; fileRef = 710CADDD1E48A53000DB0C52 /* libCobalt.a */; };
		710CADE31E48A54200DB0C52 /* Cobalt.bundle in Resources */ = {isa = PBXBuildFile; fileRef = 710CADDF1E48A53000DB0C52 /* Cobalt.bundle */; };
		710CADE51E48A5D100DB0C52 /* Constants.swift in Sources */ = {isa = PBXBuildFile; fileRef = 710CADE41E48A5D100DB0C52 /* Constants.swift */; };
		710CADEB1E48A63700DB0C52 /* .gitignore in Resources */ = {isa = PBXBuildFile; fileRef = 710CADE71E48A63700DB0C52 /* .gitignore */; };
		710CADEC1E48A63700DB0C52 /* CobaltAppInfosPlugin.m in Sources */ = {isa = PBXBuildFile; fileRef = 710CADE91E48A63700DB0C52 /* CobaltAppInfosPlugin.m */; };
		710CADED1E48A63700DB0C52 /* LICENSE in Resources */ = {isa = PBXBuildFile; fileRef = 710CADEA1E48A63700DB0C52 /* LICENSE */; };
		710CADF21E48A67400DB0C52 /* CobaltFcmPluginInit.swift in Sources */ = {isa = PBXBuildFile; fileRef = 710CADEF1E48A67400DB0C52 /* CobaltFcmPluginInit.swift */; };
		710CADF31E48A67400DB0C52 /* FcmManager.swift in Sources */ = {isa = PBXBuildFile; fileRef = 710CADF01E48A67400DB0C52 /* FcmManager.swift */; };
		710CADF41E48A67400DB0C52 /* README.md in Sources */ = {isa = PBXBuildFile; fileRef = 710CADF11E48A67400DB0C52 /* README.md */; };
		710CADF61E48A6C000DB0C52 /* www in Resources */ = {isa = PBXBuildFile; fileRef = 710CADF51E48A6C000DB0C52 /* www */; };
		71AE46621E08133A0016D660 /* AppDelegate.swift in Sources */ = {isa = PBXBuildFile; fileRef = 71AE46611E08133A0016D660 /* AppDelegate.swift */; };
		71AE46641E08133A0016D660 /* ViewController.swift in Sources */ = {isa = PBXBuildFile; fileRef = 71AE46631E08133A0016D660 /* ViewController.swift */; };
		71AE46671E08133A0016D660 /* Main.storyboard in Resources */ = {isa = PBXBuildFile; fileRef = 71AE46651E08133A0016D660 /* Main.storyboard */; };
		71AE46691E08133A0016D660 /* Assets.xcassets in Resources */ = {isa = PBXBuildFile; fileRef = 71AE46681E08133A0016D660 /* Assets.xcassets */; };
		71AE466C1E08133A0016D660 /* LaunchScreen.storyboard in Resources */ = {isa = PBXBuildFile; fileRef = 71AE466A1E08133A0016D660 /* LaunchScreen.storyboard */; };
		71AE46751E0818550016D660 /* GoogleService-Info.plist in Resources */ = {isa = PBXBuildFile; fileRef = 71AE46741E0818550016D660 /* GoogleService-Info.plist */; };
		90683B58A31C1F3D0C746205 /* Pods_FirebaseDemo.framework in Frameworks */ = {isa = PBXBuildFile; fileRef = AA23365E26EBC3B50602BE5D /* Pods_FirebaseDemo.framework */; };
/* End PBXBuildFile section */

/* Begin PBXContainerItemProxy section */
		710CADDC1E48A53000DB0C52 /* PBXContainerItemProxy */ = {
			isa = PBXContainerItemProxy;
			containerPortal = 710CADD61E48A53000DB0C52 /* Cobalt.xcodeproj */;
			proxyType = 2;
			remoteGlobalIDString = BE31EB1B1C3EC52100141B6E;
			remoteInfo = Cobalt;
		};
		710CADDE1E48A53000DB0C52 /* PBXContainerItemProxy */ = {
			isa = PBXContainerItemProxy;
			containerPortal = 710CADD61E48A53000DB0C52 /* Cobalt.xcodeproj */;
			proxyType = 2;
			remoteGlobalIDString = BEFF884A1C4541FD0063AA18;
			remoteInfo = CobaltResources;
		};
		710CADE01E48A53600DB0C52 /* PBXContainerItemProxy */ = {
			isa = PBXContainerItemProxy;
			containerPortal = 710CADD61E48A53000DB0C52 /* Cobalt.xcodeproj */;
			proxyType = 1;
			remoteGlobalIDString = BEFF882F1C3ED3BC0063AA18;
			remoteInfo = Framework;
		};
/* End PBXContainerItemProxy section */

/* Begin PBXFileReference section */
		2619C5002D76ED5FDA34C348 /* Pods-FirebaseDemo.debug.xcconfig */ = {isa = PBXFileReference; includeInIndex = 1; lastKnownFileType = text.xcconfig; name = "Pods-FirebaseDemo.debug.xcconfig"; path = "Pods/Target Support Files/Pods-FirebaseDemo/Pods-FirebaseDemo.debug.xcconfig"; sourceTree = "<group>"; };
		65985DCAD7258AA8C24B5193 /* Pods-FirebaseDemo.release.xcconfig */ = {isa = PBXFileReference; includeInIndex = 1; lastKnownFileType = text.xcconfig; name = "Pods-FirebaseDemo.release.xcconfig"; path = "Pods/Target Support Files/Pods-FirebaseDemo/Pods-FirebaseDemo.release.xcconfig"; sourceTree = "<group>"; };
		710CADD61E48A53000DB0C52 /* Cobalt.xcodeproj */ = {isa = PBXFileReference; lastKnownFileType = "wrapper.pb-project"; name = Cobalt.xcodeproj; path = Cobalt/Cobalt.xcodeproj; sourceTree = "<group>"; };
		710CADE41E48A5D100DB0C52 /* Constants.swift */ = {isa = PBXFileReference; fileEncoding = 4; lastKnownFileType = sourcecode.swift; path = Constants.swift; sourceTree = "<group>"; };
		710CADE71E48A63700DB0C52 /* .gitignore */ = {isa = PBXFileReference; fileEncoding = 4; lastKnownFileType = text; path = .gitignore; sourceTree = "<group>"; };
		710CADE81E48A63700DB0C52 /* CobaltAppInfosPlugin.h */ = {isa = PBXFileReference; fileEncoding = 4; lastKnownFileType = sourcecode.c.h; path = CobaltAppInfosPlugin.h; sourceTree = "<group>"; };
		710CADE91E48A63700DB0C52 /* CobaltAppInfosPlugin.m */ = {isa = PBXFileReference; fileEncoding = 4; lastKnownFileType = sourcecode.c.objc; path = CobaltAppInfosPlugin.m; sourceTree = "<group>"; };
		710CADEA1E48A63700DB0C52 /* LICENSE */ = {isa = PBXFileReference; fileEncoding = 4; lastKnownFileType = text; path = LICENSE; sourceTree = "<group>"; };
		710CADEF1E48A67400DB0C52 /* CobaltFcmPluginInit.swift */ = {isa = PBXFileReference; fileEncoding = 4; lastKnownFileType = sourcecode.swift; path = CobaltFcmPluginInit.swift; sourceTree = "<group>"; };
		710CADF01E48A67400DB0C52 /* FcmManager.swift */ = {isa = PBXFileReference; fileEncoding = 4; lastKnownFileType = sourcecode.swift; path = FcmManager.swift; sourceTree = "<group>"; };
		710CADF11E48A67400DB0C52 /* README.md */ = {isa = PBXFileReference; fileEncoding = 4; lastKnownFileType = net.daringfireball.markdown; path = README.md; sourceTree = "<group>"; };
		710CADF51E48A6C000DB0C52 /* www */ = {isa = PBXFileReference; lastKnownFileType = folder; path = www; sourceTree = "<group>"; };
		71AE465E1E08133A0016D660 /* FirebaseDemo.app */ = {isa = PBXFileReference; explicitFileType = wrapper.application; includeInIndex = 0; path = FirebaseDemo.app; sourceTree = BUILT_PRODUCTS_DIR; };
		71AE46611E08133A0016D660 /* AppDelegate.swift */ = {isa = PBXFileReference; lastKnownFileType = sourcecode.swift; path = AppDelegate.swift; sourceTree = "<group>"; };
		71AE46631E08133A0016D660 /* ViewController.swift */ = {isa = PBXFileReference; lastKnownFileType = sourcecode.swift; path = ViewController.swift; sourceTree = "<group>"; };
		71AE46661E08133A0016D660 /* Base */ = {isa = PBXFileReference; lastKnownFileType = file.storyboard; name = Base; path = Base.lproj/Main.storyboard; sourceTree = "<group>"; };
		71AE46681E08133A0016D660 /* Assets.xcassets */ = {isa = PBXFileReference; lastKnownFileType = folder.assetcatalog; path = Assets.xcassets; sourceTree = "<group>"; };
		71AE466B1E08133A0016D660 /* Base */ = {isa = PBXFileReference; lastKnownFileType = file.storyboard; name = Base; path = Base.lproj/LaunchScreen.storyboard; sourceTree = "<group>"; };
		71AE466D1E08133A0016D660 /* Info.plist */ = {isa = PBXFileReference; lastKnownFileType = text.plist.xml; path = Info.plist; sourceTree = "<group>"; };
		71AE46731E0813AD0016D660 /* FirebaseDemo.entitlements */ = {isa = PBXFileReference; lastKnownFileType = text.plist.entitlements; path = FirebaseDemo.entitlements; sourceTree = "<group>"; };
		71AE46741E0818550016D660 /* GoogleService-Info.plist */ = {isa = PBXFileReference; fileEncoding = 4; lastKnownFileType = text.plist.xml; path = "GoogleService-Info.plist"; sourceTree = "<group>"; };
		AA23365E26EBC3B50602BE5D /* Pods_FirebaseDemo.framework */ = {isa = PBXFileReference; explicitFileType = wrapper.framework; includeInIndex = 0; path = Pods_FirebaseDemo.framework; sourceTree = BUILT_PRODUCTS_DIR; };
/* End PBXFileReference section */

/* Begin PBXFrameworksBuildPhase section */
		71AE465B1E08133A0016D660 /* Frameworks */ = {
			isa = PBXFrameworksBuildPhase;
			buildActionMask = 2147483647;
			files = (
				710CADE21E48A53C00DB0C52 /* libCobalt.a in Frameworks */,
				90683B58A31C1F3D0C746205 /* Pods_FirebaseDemo.framework in Frameworks */,
			);
			runOnlyForDeploymentPostprocessing = 0;
		};
/* End PBXFrameworksBuildPhase section */

/* Begin PBXGroup section */
		029F4748AF552BC7F3343AB5 /* Pods */ = {
			isa = PBXGroup;
			children = (
				2619C5002D76ED5FDA34C348 /* Pods-FirebaseDemo.debug.xcconfig */,
				65985DCAD7258AA8C24B5193 /* Pods-FirebaseDemo.release.xcconfig */,
			);
			name = Pods;
			sourceTree = "<group>";
		};
		6C8D9433877E9B6ECA7680A1 /* Frameworks */ = {
			isa = PBXGroup;
			children = (
				710CADD61E48A53000DB0C52 /* Cobalt.xcodeproj */,
				AA23365E26EBC3B50602BE5D /* Pods_FirebaseDemo.framework */,
			);
			name = Frameworks;
			sourceTree = "<group>";
		};
		710CADD71E48A53000DB0C52 /* Products */ = {
			isa = PBXGroup;
			children = (
				710CADDD1E48A53000DB0C52 /* libCobalt.a */,
				710CADDF1E48A53000DB0C52 /* Cobalt.bundle */,
			);
			name = Products;
			sourceTree = "<group>";
		};
		710CADE61E48A63700DB0C52 /* Plugins-AppInfos-iOS */ = {
			isa = PBXGroup;
			children = (
				710CADE71E48A63700DB0C52 /* .gitignore */,
				710CADE81E48A63700DB0C52 /* CobaltAppInfosPlugin.h */,
				710CADE91E48A63700DB0C52 /* CobaltAppInfosPlugin.m */,
				710CADEA1E48A63700DB0C52 /* LICENSE */,
			);
			path = "Plugins-AppInfos-iOS";
			sourceTree = "<group>";
		};
		710CADEE1E48A67400DB0C52 /* cobalt-plugin-fcm-ios */ = {
			isa = PBXGroup;
			children = (
				710CADEF1E48A67400DB0C52 /* CobaltFcmPluginInit.swift */,
				710CADF01E48A67400DB0C52 /* FcmManager.swift */,
				710CADF11E48A67400DB0C52 /* README.md */,
			);
			path = "cobalt-plugin-fcm-ios";
			sourceTree = "<group>";
		};
		71AE46551E08133A0016D660 = {
			isa = PBXGroup;
			children = (
				710CADEE1E48A67400DB0C52 /* cobalt-plugin-fcm-ios */,
				710CADE61E48A63700DB0C52 /* Plugins-AppInfos-iOS */,
				710CADF51E48A6C000DB0C52 /* www */,
				71AE46601E08133A0016D660 /* FirebaseDemo */,
				71AE465F1E08133A0016D660 /* Products */,
				029F4748AF552BC7F3343AB5 /* Pods */,
				6C8D9433877E9B6ECA7680A1 /* Frameworks */,
			);
			sourceTree = "<group>";
		};
		71AE465F1E08133A0016D660 /* Products */ = {
			isa = PBXGroup;
			children = (
				71AE465E1E08133A0016D660 /* FirebaseDemo.app */,
			);
			name = Products;
			sourceTree = "<group>";
		};
		71AE46601E08133A0016D660 /* FirebaseDemo */ = {
			isa = PBXGroup;
			children = (
				710CADE41E48A5D100DB0C52 /* Constants.swift */,
				71AE46731E0813AD0016D660 /* FirebaseDemo.entitlements */,
				71AE46611E08133A0016D660 /* AppDelegate.swift */,
				71AE46631E08133A0016D660 /* ViewController.swift */,
				71AE46651E08133A0016D660 /* Main.storyboard */,
				71AE46681E08133A0016D660 /* Assets.xcassets */,
				71AE466A1E08133A0016D660 /* LaunchScreen.storyboard */,
				71AE466D1E08133A0016D660 /* Info.plist */,
				71AE46741E0818550016D660 /* GoogleService-Info.plist */,
			);
			path = FirebaseDemo;
			sourceTree = "<group>";
		};
/* End PBXGroup section */

/* Begin PBXNativeTarget section */
		71AE465D1E08133A0016D660 /* FirebaseDemo */ = {
			isa = PBXNativeTarget;
			buildConfigurationList = 71AE46701E08133A0016D660 /* Build configuration list for PBXNativeTarget "FirebaseDemo" */;
			buildPhases = (
				C8133A60FF22CCBB69605110 /* [CP] Check Pods Manifest.lock */,
				71AE465A1E08133A0016D660 /* Sources */,
				71AE465B1E08133A0016D660 /* Frameworks */,
				71AE465C1E08133A0016D660 /* Resources */,
				B4724A8B6FFC8F5F219394A9 /* [CP] Embed Pods Frameworks */,
				986F4EB07B111EE0BDB82C39 /* [CP] Copy Pods Resources */,
			);
			buildRules = (
			);
			dependencies = (
				710CADE11E48A53600DB0C52 /* PBXTargetDependency */,
			);
			name = FirebaseDemo;
			productName = FirebaseDemo;
			productReference = 71AE465E1E08133A0016D660 /* FirebaseDemo.app */;
			productType = "com.apple.product-type.application";
		};
/* End PBXNativeTarget section */

/* Begin PBXProject section */
		71AE46561E08133A0016D660 /* Project object */ = {
			isa = PBXProject;
			attributes = {
				LastSwiftUpdateCheck = 0820;
				LastUpgradeCheck = 0820;
				ORGANIZATIONNAME = Cobaltians;
				TargetAttributes = {
					71AE465D1E08133A0016D660 = {
						CreatedOnToolsVersion = 8.2;
						DevelopmentTeam = 96E6ETCA8Y;
						ProvisioningStyle = Automatic;
						SystemCapabilities = {
							com.apple.BackgroundModes = {
								enabled = 1;
							};
							com.apple.Push = {
								enabled = 1;
							};
						};
					};
				};
			};
			buildConfigurationList = 71AE46591E08133A0016D660 /* Build configuration list for PBXProject "FirebaseDemo" */;
			compatibilityVersion = "Xcode 3.2";
			developmentRegion = English;
			hasScannedForEncodings = 0;
			knownRegions = (
				en,
				Base,
			);
			mainGroup = 71AE46551E08133A0016D660;
			productRefGroup = 71AE465F1E08133A0016D660 /* Products */;
			projectDirPath = "";
			projectReferences = (
				{
					ProductGroup = 710CADD71E48A53000DB0C52 /* Products */;
					ProjectRef = 710CADD61E48A53000DB0C52 /* Cobalt.xcodeproj */;
				},
			);
			projectRoot = "";
			targets = (
				71AE465D1E08133A0016D660 /* FirebaseDemo */,
			);
		};
/* End PBXProject section */

/* Begin PBXReferenceProxy section */
		710CADDD1E48A53000DB0C52 /* libCobalt.a */ = {
			isa = PBXReferenceProxy;
			fileType = archive.ar;
			path = libCobalt.a;
			remoteRef = 710CADDC1E48A53000DB0C52 /* PBXContainerItemProxy */;
			sourceTree = BUILT_PRODUCTS_DIR;
		};
		710CADDF1E48A53000DB0C52 /* Cobalt.bundle */ = {
			isa = PBXReferenceProxy;
			fileType = wrapper.cfbundle;
			path = Cobalt.bundle;
			remoteRef = 710CADDE1E48A53000DB0C52 /* PBXContainerItemProxy */;
			sourceTree = BUILT_PRODUCTS_DIR;
		};
/* End PBXReferenceProxy section */

/* Begin PBXResourcesBuildPhase section */
		71AE465C1E08133A0016D660 /* Resources */ = {
			isa = PBXResourcesBuildPhase;
			buildActionMask = 2147483647;
			files = (
				710CADF61E48A6C000DB0C52 /* www in Resources */,
				71AE466C1E08133A0016D660 /* LaunchScreen.storyboard in Resources */,
				710CADE31E48A54200DB0C52 /* Cobalt.bundle in Resources */,
				71AE46751E0818550016D660 /* GoogleService-Info.plist in Resources */,
				710CADED1E48A63700DB0C52 /* LICENSE in Resources */,
				71AE46691E08133A0016D660 /* Assets.xcassets in Resources */,
				710CADEB1E48A63700DB0C52 /* .gitignore in Resources */,
				71AE46671E08133A0016D660 /* Main.storyboard in Resources */,
			);
			runOnlyForDeploymentPostprocessing = 0;
		};
/* End PBXResourcesBuildPhase section */

/* Begin PBXShellScriptBuildPhase section */
		986F4EB07B111EE0BDB82C39 /* [CP] Copy Pods Resources */ = {
			isa = PBXShellScriptBuildPhase;
			buildActionMask = 2147483647;
			files = (
			);
			inputPaths = (
			);
			name = "[CP] Copy Pods Resources";
			outputPaths = (
			);
			runOnlyForDeploymentPostprocessing = 0;
			shellPath = /bin/sh;
			shellScript = "\"${SRCROOT}/Pods/Target Support Files/Pods-FirebaseDemo/Pods-FirebaseDemo-resources.sh\"\n";
			showEnvVarsInLog = 0;
		};
		B4724A8B6FFC8F5F219394A9 /* [CP] Embed Pods Frameworks */ = {
			isa = PBXShellScriptBuildPhase;
			buildActionMask = 2147483647;
			files = (
			);
			inputPaths = (
			);
			name = "[CP] Embed Pods Frameworks";
			outputPaths = (
			);
			runOnlyForDeploymentPostprocessing = 0;
			shellPath = /bin/sh;
			shellScript = "\"${SRCROOT}/Pods/Target Support Files/Pods-FirebaseDemo/Pods-FirebaseDemo-frameworks.sh\"\n";
			showEnvVarsInLog = 0;
		};
		C8133A60FF22CCBB69605110 /* [CP] Check Pods Manifest.lock */ = {
			isa = PBXShellScriptBuildPhase;
			buildActionMask = 2147483647;
			files = (
			);
			inputPaths = (
			);
			name = "[CP] Check Pods Manifest.lock";
			outputPaths = (
			);
			runOnlyForDeploymentPostprocessing = 0;
			shellPath = /bin/sh;
			shellScript = "diff \"${PODS_ROOT}/../Podfile.lock\" \"${PODS_ROOT}/Manifest.lock\" > /dev/null\nif [ $? != 0 ] ; then\n    # print error to STDERR\n    echo \"error: The sandbox is not in sync with the Podfile.lock. Run 'pod install' or update your CocoaPods installation.\" >&2\n    exit 1\nfi\n";
			showEnvVarsInLog = 0;
		};
/* End PBXShellScriptBuildPhase section */

/* Begin PBXSourcesBuildPhase section */
		71AE465A1E08133A0016D660 /* Sources */ = {
			isa = PBXSourcesBuildPhase;
			buildActionMask = 2147483647;
			files = (
				710CADF21E48A67400DB0C52 /* CobaltFcmPluginInit.swift in Sources */,
				71AE46641E08133A0016D660 /* ViewController.swift in Sources */,
				710CADF31E48A67400DB0C52 /* FcmManager.swift in Sources */,
				710CADF41E48A67400DB0C52 /* README.md in Sources */,
				710CADEC1E48A63700DB0C52 /* CobaltAppInfosPlugin.m in Sources */,
				71AE46621E08133A0016D660 /* AppDelegate.swift in Sources */,
				710CADE51E48A5D100DB0C52 /* Constants.swift in Sources */,
			);
			runOnlyForDeploymentPostprocessing = 0;
		};
/* End PBXSourcesBuildPhase section */

/* Begin PBXTargetDependency section */
		710CADE11E48A53600DB0C52 /* PBXTargetDependency */ = {
			isa = PBXTargetDependency;
			name = Framework;
			targetProxy = 710CADE01E48A53600DB0C52 /* PBXContainerItemProxy */;
		};
/* End PBXTargetDependency section */

/* Begin PBXVariantGroup section */
		71AE46651E08133A0016D660 /* Main.storyboard */ = {
			isa = PBXVariantGroup;
			children = (
				71AE46661E08133A0016D660 /* Base */,
			);
			name = Main.storyboard;
			sourceTree = "<group>";
		};
		71AE466A1E08133A0016D660 /* LaunchScreen.storyboard */ = {
			isa = PBXVariantGroup;
			children = (
				71AE466B1E08133A0016D660 /* Base */,
			);
			name = LaunchScreen.storyboard;
			sourceTree = "<group>";
		};
/* End PBXVariantGroup section */

/* Begin XCBuildConfiguration section */
		71AE466E1E08133A0016D660 /* Debug */ = {
			isa = XCBuildConfiguration;
			buildSettings = {
				ALWAYS_SEARCH_USER_PATHS = NO;
				CLANG_ANALYZER_NONNULL = YES;
				CLANG_CXX_LANGUAGE_STANDARD = "gnu++0x";
				CLANG_CXX_LIBRARY = "libc++";
				CLANG_ENABLE_MODULES = YES;
				CLANG_ENABLE_OBJC_ARC = YES;
				CLANG_WARN_BOOL_CONVERSION = YES;
				CLANG_WARN_CONSTANT_CONVERSION = YES;
				CLANG_WARN_DIRECT_OBJC_ISA_USAGE = YES_ERROR;
				CLANG_WARN_DOCUMENTATION_COMMENTS = YES;
				CLANG_WARN_EMPTY_BODY = YES;
				CLANG_WARN_ENUM_CONVERSION = YES;
				CLANG_WARN_INFINITE_RECURSION = YES;
				CLANG_WARN_INT_CONVERSION = YES;
				CLANG_WARN_OBJC_ROOT_CLASS = YES_ERROR;
				CLANG_WARN_SUSPICIOUS_MOVE = YES;
				CLANG_WARN_UNREACHABLE_CODE = YES;
				CLANG_WARN__DUPLICATE_METHOD_MATCH = YES;
				"CODE_SIGN_IDENTITY[sdk=iphoneos*]" = "iPhone Developer";
				COPY_PHASE_STRIP = NO;
				DEBUG_INFORMATION_FORMAT = dwarf;
				ENABLE_STRICT_OBJC_MSGSEND = YES;
				ENABLE_TESTABILITY = YES;
				GCC_C_LANGUAGE_STANDARD = gnu99;
				GCC_DYNAMIC_NO_PIC = NO;
				GCC_NO_COMMON_BLOCKS = YES;
				GCC_OPTIMIZATION_LEVEL = 0;
				GCC_PREPROCESSOR_DEFINITIONS = (
					"DEBUG=1",
					"$(inherited)",
				);
				GCC_WARN_64_TO_32_BIT_CONVERSION = YES;
				GCC_WARN_ABOUT_RETURN_TYPE = YES_ERROR;
				GCC_WARN_UNDECLARED_SELECTOR = YES;
				GCC_WARN_UNINITIALIZED_AUTOS = YES_AGGRESSIVE;
				GCC_WARN_UNUSED_FUNCTION = YES;
				GCC_WARN_UNUSED_VARIABLE = YES;
				IPHONEOS_DEPLOYMENT_TARGET = 8.0;
				MTL_ENABLE_DEBUG_INFO = YES;
				ONLY_ACTIVE_ARCH = YES;
				SDKROOT = iphoneos;
				SWIFT_ACTIVE_COMPILATION_CONDITIONS = DEBUG;
				SWIFT_OBJC_BRIDGING_HEADER = "Cobalt/Cobalt/Cobalt-Bridging-Header.h";
				SWIFT_OPTIMIZATION_LEVEL = "-Onone";
				TARGETED_DEVICE_FAMILY = "1,2";
			};
			name = Debug;
		};
		71AE466F1E08133A0016D660 /* Release */ = {
			isa = XCBuildConfiguration;
			buildSettings = {
				ALWAYS_SEARCH_USER_PATHS = NO;
				CLANG_ANALYZER_NONNULL = YES;
				CLANG_CXX_LANGUAGE_STANDARD = "gnu++0x";
				CLANG_CXX_LIBRARY = "libc++";
				CLANG_ENABLE_MODULES = YES;
				CLANG_ENABLE_OBJC_ARC = YES;
				CLANG_WARN_BOOL_CONVERSION = YES;
				CLANG_WARN_CONSTANT_CONVERSION = YES;
				CLANG_WARN_DIRECT_OBJC_ISA_USAGE = YES_ERROR;
				CLANG_WARN_DOCUMENTATION_COMMENTS = YES;
				CLANG_WARN_EMPTY_BODY = YES;
				CLANG_WARN_ENUM_CONVERSION = YES;
				CLANG_WARN_INFINITE_RECURSION = YES;
				CLANG_WARN_INT_CONVERSION = YES;
				CLANG_WARN_OBJC_ROOT_CLASS = YES_ERROR;
				CLANG_WARN_SUSPICIOUS_MOVE = YES;
				CLANG_WARN_UNREACHABLE_CODE = YES;
				CLANG_WARN__DUPLICATE_METHOD_MATCH = YES;
				"CODE_SIGN_IDENTITY[sdk=iphoneos*]" = "iPhone Developer";
				COPY_PHASE_STRIP = NO;
				DEBUG_INFORMATION_FORMAT = "dwarf-with-dsym";
				ENABLE_NS_ASSERTIONS = NO;
				ENABLE_STRICT_OBJC_MSGSEND = YES;
				GCC_C_LANGUAGE_STANDARD = gnu99;
				GCC_NO_COMMON_BLOCKS = YES;
				GCC_WARN_64_TO_32_BIT_CONVERSION = YES;
				GCC_WARN_ABOUT_RETURN_TYPE = YES_ERROR;
				GCC_WARN_UNDECLARED_SELECTOR = YES;
				GCC_WARN_UNINITIALIZED_AUTOS = YES_AGGRESSIVE;
				GCC_WARN_UNUSED_FUNCTION = YES;
				GCC_WARN_UNUSED_VARIABLE = YES;
				IPHONEOS_DEPLOYMENT_TARGET = 8.0;
				MTL_ENABLE_DEBUG_INFO = NO;
				SDKROOT = iphoneos;
				SWIFT_OBJC_BRIDGING_HEADER = "Cobalt/Cobalt/Cobalt-Bridging-Header.h";
				SWIFT_OPTIMIZATION_LEVEL = "-Owholemodule";
				TARGETED_DEVICE_FAMILY = "1,2";
				VALIDATE_PRODUCT = YES;
			};
			name = Release;
		};
		71AE46711E08133A0016D660 /* Debug */ = {
			isa = XCBuildConfiguration;
			baseConfigurationReference = 2619C5002D76ED5FDA34C348 /* Pods-FirebaseDemo.debug.xcconfig */;
			buildSettings = {
				ASSETCATALOG_COMPILER_APPICON_NAME = AppIcon;
				CODE_SIGN_ENTITLEMENTS = FirebaseDemo/FirebaseDemo.entitlements;
				DEVELOPMENT_TEAM = 96E6ETCA8Y;
				INFOPLIST_FILE = FirebaseDemo/Info.plist;
				IPHONEOS_DEPLOYMENT_TARGET = 9.0;
				LD_RUNPATH_SEARCH_PATHS = "$(inherited) @executable_path/Frameworks";
				PRODUCT_BUNDLE_IDENTIFIER = io.kristal.FirebaseDemo;
				PRODUCT_NAME = "$(TARGET_NAME)";
				SWIFT_VERSION = 3.0;
			};
			name = Debug;
		};
		71AE46721E08133A0016D660 /* Release */ = {
			isa = XCBuildConfiguration;
			baseConfigurationReference = 65985DCAD7258AA8C24B5193 /* Pods-FirebaseDemo.release.xcconfig */;
			buildSettings = {
				ASSETCATALOG_COMPILER_APPICON_NAME = AppIcon;
				CODE_SIGN_ENTITLEMENTS = FirebaseDemo/FirebaseDemo.entitlements;
				DEVELOPMENT_TEAM = 96E6ETCA8Y;
				INFOPLIST_FILE = FirebaseDemo/Info.plist;
				IPHONEOS_DEPLOYMENT_TARGET = 9.0;
				LD_RUNPATH_SEARCH_PATHS = "$(inherited) @executable_path/Frameworks";
				PRODUCT_BUNDLE_IDENTIFIER = io.kristal.FirebaseDemo;
				PRODUCT_NAME = "$(TARGET_NAME)";
				SWIFT_VERSION = 3.0;
			};
			name = Release;
		};
/* End XCBuildConfiguration section */

/* Begin XCConfigurationList section */
		71AE46591E08133A0016D660 /* Build configuration list for PBXProject "FirebaseDemo" */ = {
			isa = XCConfigurationList;
			buildConfigurations = (
				71AE466E1E08133A0016D660 /* Debug */,
				71AE466F1E08133A0016D660 /* Release */,
			);
			defaultConfigurationIsVisible = 0;
			defaultConfigurationName = Release;
		};
		71AE46701E08133A0016D660 /* Build configuration list for PBXNativeTarget "FirebaseDemo" */ = {
			isa = XCConfigurationList;
			buildConfigurations = (
				71AE46711E08133A0016D660 /* Debug */,
				71AE46721E08133A0016D660 /* Release */,
			);
			defaultConfigurationIsVisible = 0;
			defaultConfigurationName = Release;
		};
/* End XCConfigurationList section */
	};
	rootObject = 71AE46561E08133A0016D660 /* Project object */;
}
